
Microsoft Visual Studio Solution File, Format Version 12.00
# Visual Studio 15
VisualStudioVersion = 15.0.28307.572
MinimumVisualStudioVersion = 10.0.40219.1
Project("{8BC9CEB8-8B4A-11D0-8D11-00A0C91BC942}") = "SDEngine", "SDEngine\SDEngine.vcxproj", "{52357830-3E02-D33B-671B-C1E3534708CA}"
EndProject
Project("{8BC9CEB8-8B4A-11D0-8D11-00A0C91BC942}") = "TestGame", "TestGame\TestGame.vcxproj", "{BF10A474-ABDD-FE7F-D4F6-EC27C022340E}"
EndProject
Global
	GlobalSection(SolutionConfigurationPlatforms) = preSolution
		Debug|x64 = Debug|x64
		Release|x64 = Release|x64
	EndGlobalSection
	GlobalSection(ProjectConfigurationPlatforms) = postSolution
		{52357830-3E02-D33B-671B-C1E3534708CA}.Debug|x64.ActiveCfg = Debug|x64
		{52357830-3E02-D33B-671B-C1E3534708CA}.Debug|x64.Build.0 = Debug|x64
		{52357830-3E02-D33B-671B-C1E3534708CA}.Release|x64.ActiveCfg = Release|x64
		{52357830-3E02-D33B-671B-C1E3534708CA}.Release|x64.Build.0 = Release|x64
		{BF10A474-ABDD-FE7F-D4F6-EC27C022340E}.Debug|x64.ActiveCfg = Debug|x64
		{BF10A474-ABDD-FE7F-D4F6-EC27C022340E}.Debug|x64.Build.0 = Debug|x64
		{BF10A474-ABDD-FE7F-D4F6-EC27C022340E}.Release|x64.ActiveCfg = Release|x64
		{BF10A474-ABDD-FE7F-D4F6-EC27C022340E}.Release|x64.Build.0 = Release|x64
	EndGlobalSection
	GlobalSection(SolutionProperties) = preSolution
		HideSolutionNode = FALSE
	EndGlobalSection
	GlobalSection(ExtensibilityGlobals) = postSolution
		SolutionGuid = {0C6E6E03-3BD2-4685-BFE1-4ADED1E750AA}
	EndGlobalSection
EndGlobal
