<?xml version="1.0" encoding="utf-8"?>
<Project ToolsVersion="4.0" xmlns="http://schemas.microsoft.com/developer/msbuild/2003">
  <ItemGroup>
    <Filter Include="源文件">
      <UniqueIdentifier>{4FC737F1-C7A5-4376-A066-2A32D752A2FF}</UniqueIdentifier>
      <Extensions>cpp;c;cc;cxx;def;odl;idl;hpj;bat;asm;asmx</Extensions>
    </Filter>
    <Filter Include="头文件">
      <UniqueIdentifier>{93995380-89BD-4b04-88EB-625FBE52EBFB}</UniqueIdentifier>
      <Extensions>h;hh;hpp;hxx;hm;inl;inc;xsd</Extensions>
    </Filter>
    <Filter Include="资源文件">
      <UniqueIdentifier>{67DA6AB6-F800-4c08-8B7A-83BB121AAD01}</UniqueIdentifier>
      <Extensions>rc;ico;cur;bmp;dlg;rc2;rct;bin;rgs;gif;jpg;jpeg;jpe;resx;tiff;tif;png;wav;mfcribbon-ms</Extensions>
    </Filter>
  </ItemGroup>
  <ItemGroup>
    <ClCompile Include="Source\FPS.cpp">
      <Filter>源文件</Filter>
    </ClCompile>
    <ClCompile Include="Source\Input.cpp">
      <Filter>源文件</Filter>
    </ClCompile>
    <ClCompile Include="Source\源.cpp">
      <Filter>源文件</Filter>
    </ClCompile>
    <ClCompile Include="Source\LoadTexture\DDSTextureLoader.cpp">
      <Filter>源文件</Filter>
    </ClCompile>
    <ClCompile Include="Source\LoadTexture\Resource.cpp">
      <Filter>源文件</Filter>
    </ClCompile>
    <ClCompile Include="Source\LoadTexture\WICTextureLoader.cpp">
      <Filter>源文件</Filter>
    </ClCompile>
    <ClCompile Include="Source\GraphicsSystem.cpp">
      <Filter>源文件</Filter>
    </ClCompile>
    <ClCompile Include="Source\SDEngine.cpp">
      <Filter>源文件</Filter>
    </ClCompile>
    <ClCompile Include="Source\SkyBox.cpp">
      <Filter>源文件</Filter>
    </ClCompile>
    <ClCompile Include="Source\Common\MathTool.cpp">
      <Filter>源文件</Filter>
    </ClCompile>
    <ClCompile Include="Source\Light\DirectionLight.cpp">
      <Filter>源文件</Filter>
    </ClCompile>
    <ClCompile Include="Source\Light\Light.cpp">
      <Filter>源文件</Filter>
    </ClCompile>
    <ClCompile Include="Source\Light\LightManager.cpp">
      <Filter>源文件</Filter>
    </ClCompile>
    <ClCompile Include="Source\Light\PointLight.cpp">
      <Filter>源文件</Filter>
    </ClCompile>
    <ClCompile Include="Source\Texture\NoiseTexture.cpp">
      <Filter>源文件</Filter>
    </ClCompile>
    <ClCompile Include="Source\Texture\TextureManager.cpp">
      <Filter>源文件</Filter>
    </ClCompile>
    <ClCompile Include="Source\Texture\Texture.cpp">
      <Filter>源文件</Filter>
    </ClCompile>
    <ClCompile Include="Source\Texture\RWRenderTexture.cpp">
      <Filter>源文件</Filter>
    </ClCompile>
    <ClCompile Include="Source\Texture\TextureSamplerManager.cpp">
      <Filter>源文件</Filter>
    </ClCompile>
    <ClCompile Include="Source\Texture\RenderTexture.cpp">
      <Filter>源文件</Filter>
    </ClCompile>
    <ClCompile Include="Source\Import\ImportFBX.cpp">
      <Filter>源文件</Filter>
    </ClCompile>
    <ClCompile Include="Source\Shader\Shader.cpp">
      <Filter>源文件</Filter>
    </ClCompile>
    <ClCompile Include="Source\Shader\SSAOManager.cpp">
      <Filter>源文件</Filter>
    </ClCompile>
    <ClCompile Include="Source\Shader\CascadeShadowMap.cpp">
      <Filter>源文件</Filter>
    </ClCompile>
    <ClCompile Include="Source\Shader\CascadeShadowMapManager.cpp">
      <Filter>源文件</Filter>
    </ClCompile>
    <ClCompile Include="Source\Shader\DepthBufferRT.cpp">
      <Filter>源文件</Filter>
    </ClCompile>
    <ClCompile Include="Source\Shader\GeometryBuffer.cpp">
      <Filter>源文件</Filter>
    </ClCompile>
    <ClCompile Include="Source\Shader\GerstnerWave.cpp">
      <Filter>源文件</Filter>
    </ClCompile>
    <ClCompile Include="Source\Shader\GerstnerWaveCS.cpp">
      <Filter>源文件</Filter>
    </ClCompile>
    <ClCompile Include="Source\Shader\GrussianBlurCS.cpp">
      <Filter>源文件</Filter>
    </ClCompile>
    <ClCompile Include="Source\Shader\SSRGBuffer.cpp">
      <Filter>源文件</Filter>
    </ClCompile>
    <ClCompile Include="Source\Shader\ShaderManager.cpp">
      <Filter>源文件</Filter>
    </ClCompile>
    <ClCompile Include="Source\Shader\CircleWave.cpp">
      <Filter>源文件</Filter>
    </ClCompile>
    <ClCompile Include="Source\Shader\Wave.cpp">
      <Filter>源文件</Filter>
    </ClCompile>
    <ClCompile Include="Source\Shader\DirectionWave.cpp">
      <Filter>源文件</Filter>
    </ClCompile>
    <ClCompile Include="Source\GameObject\Camera.cpp">
      <Filter>源文件</Filter>
    </ClCompile>
    <ClCompile Include="Source\GameObject\GameObject.cpp">
      <Filter>源文件</Filter>
    </ClCompile>
    <ClCompile Include="Source\GameObject\GameObjectManager.cpp">
      <Filter>源文件</Filter>
    </ClCompile>
    <ClCompile Include="Source\GameObject\Quad.cpp">
      <Filter>源文件</Filter>
    </ClCompile>
    <ClCompile Include="Source\GameObject\Mesh.cpp">
      <Filter>源文件</Filter>
    </ClCompile>
    <ClCompile Include="Source\Common\CommonFunction.cpp">
      <Filter>源文件</Filter>
    </ClCompile>
    <ClCompile Include="Source\DebugTool\Log.cpp">
      <Filter>源文件</Filter>
    </ClCompile>
    <ClCompile Include="Source\DebugTool\Debugwindow.cpp">
      <Filter>源文件</Filter>
    </ClCompile>
    <ClCompile Include="Source\Common\DirectxCore.cpp">
      <Filter>源文件</Filter>
    </ClCompile>
    <ClCompile Include="Source\Common\DirectxFrame.cpp">
      <Filter>源文件</Filter>
    </ClCompile>
    <ClCompile Include="Source\Texture\HdrTexture.cpp">
      <Filter>源文件</Filter>
    </ClCompile>
    <ClCompile Include="Source\Texture\stb_image.cpp">
      <Filter>源文件</Filter>
    </ClCompile>
    <ClCompile Include="Source\Texture\RenderCubeMap.cpp">
      <Filter>源文件</Filter>
    </ClCompile>
    <ClCompile Include="Source\GameObject\CubeCamera.cpp">
      <Filter>源文件</Filter>
    </ClCompile>
    <ClCompile Include="Source\IrradianceCubeMap.cpp">
      <Filter>源文件</Filter>
    </ClCompile>
    <ClCompile Include="Source\PrefilterCubeMap.cpp">
      <Filter>源文件</Filter>
    </ClCompile>
  </ItemGroup>
  <ItemGroup>
    <ClInclude Include="Source\FPS.h">
      <Filter>头文件</Filter>
    </ClInclude>
    <ClInclude Include="Source\Input.h">
      <Filter>头文件</Filter>
    </ClInclude>
    <ClInclude Include="Source\LoadTexture\DDSTextureLoader.h">
      <Filter>头文件</Filter>
    </ClInclude>
    <ClInclude Include="Source\LoadTexture\Resource.h">
      <Filter>头文件</Filter>
    </ClInclude>
    <ClInclude Include="Source\LoadTexture\WICTextureLoader.h">
      <Filter>头文件</Filter>
    </ClInclude>
    <ClInclude Include="Source\GraphicsSystem.h">
      <Filter>头文件</Filter>
    </ClInclude>
    <ClInclude Include="Source\SDEngine.h">
      <Filter>头文件</Filter>
    </ClInclude>
    <ClInclude Include="Source\SkyBox.h">
      <Filter>头文件</Filter>
    </ClInclude>
    <ClInclude Include="Source\Common\MathTool.h">
      <Filter>头文件</Filter>
    </ClInclude>
    <ClInclude Include="Source\Light\DirectionLight.h">
      <Filter>头文件</Filter>
    </ClInclude>
    <ClInclude Include="Source\Light\LightManager.h">
      <Filter>头文件</Filter>
    </ClInclude>
    <ClInclude Include="Source\Light\Light.h">
      <Filter>头文件</Filter>
    </ClInclude>
    <ClInclude Include="Source\Light\PointLight.h">
      <Filter>头文件</Filter>
    </ClInclude>
    <ClInclude Include="Source\Texture\NoiseTexture.h">
      <Filter>头文件</Filter>
    </ClInclude>
    <ClInclude Include="Source\Texture\TextureManager.h">
      <Filter>头文件</Filter>
    </ClInclude>
    <ClInclude Include="Source\Texture\Texture.h">
      <Filter>头文件</Filter>
    </ClInclude>
    <ClInclude Include="Source\Texture\RWRenderTexture.h">
      <Filter>头文件</Filter>
    </ClInclude>
    <ClInclude Include="Source\Texture\TextureSamplerManager.h">
      <Filter>头文件</Filter>
    </ClInclude>
    <ClInclude Include="Source\Texture\RenderTexture.h">
      <Filter>头文件</Filter>
    </ClInclude>
    <ClInclude Include="Source\Import\ImportFBX.h">
      <Filter>头文件</Filter>
    </ClInclude>
    <ClInclude Include="Source\Shader\Shader.h">
      <Filter>头文件</Filter>
    </ClInclude>
    <ClInclude Include="Source\Shader\SSAOManager.h">
      <Filter>头文件</Filter>
    </ClInclude>
    <ClInclude Include="Source\Shader\CascadeShadowMap.h">
      <Filter>头文件</Filter>
    </ClInclude>
    <ClInclude Include="Source\Shader\CascadeShadowMapManager.h">
      <Filter>头文件</Filter>
    </ClInclude>
    <ClInclude Include="Source\Shader\DepthBufferRT.h">
      <Filter>头文件</Filter>
    </ClInclude>
    <ClInclude Include="Source\Shader\GeometryBuffer.h">
      <Filter>头文件</Filter>
    </ClInclude>
    <ClInclude Include="Source\Shader\GerstnerWaveCS.h">
      <Filter>头文件</Filter>
    </ClInclude>
    <ClInclude Include="Source\Shader\GerstnerWave.h">
      <Filter>头文件</Filter>
    </ClInclude>
    <ClInclude Include="Source\Shader\GrussianBlurCS.h">
      <Filter>头文件</Filter>
    </ClInclude>
    <ClInclude Include="Source\Shader\SSRGBuffer.h">
      <Filter>头文件</Filter>
    </ClInclude>
    <ClInclude Include="Source\Shader\ShaderManager.h">
      <Filter>头文件</Filter>
    </ClInclude>
    <ClInclude Include="Source\Shader\CircleWave.h">
      <Filter>头文件</Filter>
    </ClInclude>
    <ClInclude Include="Source\Shader\Wave.h">
      <Filter>头文件</Filter>
    </ClInclude>
    <ClInclude Include="Source\Shader\DirectionWave.h">
      <Filter>头文件</Filter>
    </ClInclude>
    <ClInclude Include="Source\GameObject\Camera.h">
      <Filter>头文件</Filter>
    </ClInclude>
    <ClInclude Include="Source\GameObject\GameObject.h">
      <Filter>头文件</Filter>
    </ClInclude>
    <ClInclude Include="Source\GameObject\GameObjectManager.h">
      <Filter>头文件</Filter>
    </ClInclude>
    <ClInclude Include="Source\GameObject\Quad.h">
      <Filter>头文件</Filter>
    </ClInclude>
    <ClInclude Include="Source\GameObject\Mesh.h">
      <Filter>头文件</Filter>
    </ClInclude>
    <ClInclude Include="Source\Common\UtilityEnum.h">
      <Filter>头文件</Filter>
    </ClInclude>
    <ClInclude Include="Source\Common\Macro.h">
      <Filter>头文件</Filter>
    </ClInclude>
    <ClInclude Include="Source\Common\CommomVertexFormat.h">
      <Filter>头文件</Filter>
    </ClInclude>
    <ClInclude Include="Source\Common\CommonFunction.h">
      <Filter>头文件</Filter>
    </ClInclude>
    <ClInclude Include="Source\Common\CoreMini.h">
      <Filter>头文件</Filter>
    </ClInclude>
    <ClInclude Include="Source\Import\ImportDll.h">
      <Filter>头文件</Filter>
    </ClInclude>
    <ClInclude Include="Source\DebugTool\Log.h">
      <Filter>头文件</Filter>
    </ClInclude>
    <ClInclude Include="Source\DebugTool\Debugwindow.h">
      <Filter>头文件</Filter>
    </ClInclude>
    <ClInclude Include="Source\Common\DirectxCore.h">
      <Filter>头文件</Filter>
    </ClInclude>
    <ClInclude Include="Source\Common\DirectxFrame.h">
      <Filter>头文件</Filter>
    </ClInclude>
    <ClInclude Include="Source\Common\GraphicsConfig.h">
      <Filter>头文件</Filter>
    </ClInclude>
    <ClInclude Include="Source\Texture\stb_image.h">
      <Filter>头文件</Filter>
    </ClInclude>
    <ClInclude Include="Source\Texture\HdrTexture.h">
      <Filter>头文件</Filter>
    </ClInclude>
    <ClInclude Include="Source\Texture\RenderCubeMap.h">
      <Filter>头文件</Filter>
    </ClInclude>
    <ClInclude Include="Source\GameObject\CubeCamera.h">
      <Filter>头文件</Filter>
    </ClInclude>
    <ClInclude Include="Source\IrradianceCubeMap.h">
      <Filter>头文件</Filter>
    </ClInclude>
    <ClInclude Include="Source\PrefilterCubeMap.h">
      <Filter>头文件</Filter>
    </ClInclude>
  </ItemGroup>
  <ItemGroup>
    <None Include="Resource\Shader\DepthGetShader.fx" />
    <None Include="Resource\Shader\DiffuseNormalShader.fx" />
    <None Include="Resource\Shader\DiffuseNormalSpecularShader.fx" />
    <None Include="Resource\Shader\DiffuseShader.fx" />
    <None Include="Resource\Shader\DiffuseSpecularShader.fx" />
    <None Include="Resource\Shader\DOFShader.fx" />
    <None Include="Resource\Shader\ForwardPureColorShader.fx" />
    <None Include="Resource\Shader\GaussianBlurShaderCS.fx" />
    <None Include="Resource\Shader\GraphicsBlitShader.fx" />
    <None Include="Resource\Shader\PureColorShader.fx" />
    <None Include="Resource\Shader\ScreenSpaceReflectShader.fx" />
    <None Include="Resource\Shader\SSRGBuffer.fx" />
    <None Include="Resource\Shader\UIShader.fx" />
    <None Include="Resource\Shader\WaveComputerShader.fx" />
    <None Include="Resource\Shader\WaveShader.fx" />
    <None Include="Resource\Shader\DefferedFinalShader.fx" />
    <None Include="Resource\Shader\DefferedPointLightShader.fx" />
    <None Include="Resource\Shader\FxaaShader.fx" />
    <None Include="Resource\Shader\LightDepthMap.fx" />
    <None Include="Resource\Shader\DirShadowMapShader.fx" />
    <None Include="Resource\Shader\ForwardPureShader.fx" />
    <None Include="Resource\Shader\SSAOShader.hlsl" />
    <None Include="Resource\Shader\SSAOBlurShader.hlsl" />
    <None Include="Resource\Shader\SkyBoxShader.hlsl" />
    <None Include="Resource\Shader\DepthDisplayShader.fx" />
    <None Include="Resource\Shader\DefferedDirLightShader.fx" />
    <None Include="Resource\Shader\BRDF.fx" />
    <None Include="Resource\Shader\equirectangularMapShader.fx" />
    <None Include="Resource\Shader\ToneMap.fx" />
    <None Include="Resource\Shader\CubeMalpToIradiance.fx" />
    <None Include="Resource\Shader\PreFilterHdrCubeMap.fx" />
    <None Include="Resource\Shader\ConvolutedBRDFShader.fx" />
    <None Include="Resource\Shader\ImportanceSampleGGX.fx" />
    <None Include="Resource\Shader\Common.fx" />
  </ItemGroup>
</Project>