<?xml version="1.0" encoding="utf-8"?>
<Project ToolsVersion="4.0" xmlns="http://schemas.microsoft.com/developer/msbuild/2003">
  <ItemGroup>
    <Filter Include="SDEngine">
      <UniqueIdentifier>{52357830-3E02-D33B-671B-C1E3534708CA}</UniqueIdentifier>
    </Filter>
    <Filter Include="SDEngine\Common">
      <UniqueIdentifier>{4AD2F10D-B65D-5FD2-BF6E-E2C62B79BBD2}</UniqueIdentifier>
    </Filter>
    <Filter Include="SDEngine\DebugTool">
      <UniqueIdentifier>{06D0D684-F2B3-97DA-5B14-922D4717825C}</UniqueIdentifier>
    </Filter>
    <Filter Include="SDEngine\EditorUI">
      <UniqueIdentifier>{86BF9CD2-F2D5-9A68-3B4D-268AA7A26BF0}</UniqueIdentifier>
    </Filter>
    <Filter Include="SDEngine\Event">
      <UniqueIdentifier>{23ECF893-0FBA-EC99-F84D-5DC0E4BAC8FE}</UniqueIdentifier>
    </Filter>
    <Filter Include="SDEngine\GameObject">
      <UniqueIdentifier>{92B80D7A-FE19-EB87-8787-313AF3E72147}</UniqueIdentifier>
    </Filter>
    <Filter Include="SDEngine\Import">
      <UniqueIdentifier>{1C43CE1B-88CE-3BE0-91DF-BED4FDE997E0}</UniqueIdentifier>
    </Filter>
    <Filter Include="SDEngine\Light">
      <UniqueIdentifier>{797E7094-654C-649A-4EE0-D4C03A4D40FF}</UniqueIdentifier>
    </Filter>
    <Filter Include="SDEngine\LoadTexture">
      <UniqueIdentifier>{12ABF9B5-FE39-837F-A758-977A93C69325}</UniqueIdentifier>
    </Filter>
    <Filter Include="SDEngine\Shader">
      <UniqueIdentifier>{B8F4BE32-2480-2CF7-2D91-AFEB999B88F7}</UniqueIdentifier>
    </Filter>
    <Filter Include="SDEngine\Texture">
      <UniqueIdentifier>{B28C41D2-9E85-6024-C7B7-45A9B30F4030}</UniqueIdentifier>
    </Filter>
  </ItemGroup>
  <ItemGroup>
    <ClInclude Include="Source\CoreMinimal.h" />
    <ClInclude Include="Source\Engine.h" />
    <ClInclude Include="Source\SDEngine\ClusterDefferedSceneRender.h">
      <Filter>SDEngine</Filter>
    </ClInclude>
    <ClInclude Include="Source\SDEngine\Common\CommomVertexFormat.h">
      <Filter>SDEngine\Common</Filter>
    </ClInclude>
    <ClInclude Include="Source\SDEngine\Common\CommonFunction.h">
      <Filter>SDEngine\Common</Filter>
    </ClInclude>
    <ClInclude Include="Source\SDEngine\Common\DirectxCore.h">
      <Filter>SDEngine\Common</Filter>
    </ClInclude>
    <ClInclude Include="Source\SDEngine\Common\DirectxFrame.h">
      <Filter>SDEngine\Common</Filter>
    </ClInclude>
    <ClInclude Include="Source\SDEngine\Common\GraphicsConfig.h">
      <Filter>SDEngine\Common</Filter>
    </ClInclude>
    <ClInclude Include="Source\SDEngine\Common\Macro.h">
      <Filter>SDEngine\Common</Filter>
    </ClInclude>
    <ClInclude Include="Source\SDEngine\Common\MathTool.h">
      <Filter>SDEngine\Common</Filter>
    </ClInclude>
    <ClInclude Include="Source\SDEngine\Common\UtilityEnum.h">
      <Filter>SDEngine\Common</Filter>
    </ClInclude>
    <ClInclude Include="Source\SDEngine\Common\stb_image.h">
      <Filter>SDEngine\Common</Filter>
    </ClInclude>
    <ClInclude Include="Source\SDEngine\DebugTool\Debugwindow.h">
      <Filter>SDEngine\DebugTool</Filter>
    </ClInclude>
    <ClInclude Include="Source\SDEngine\EditorUI\ImGuiBuild.h">
      <Filter>SDEngine\EditorUI</Filter>
    </ClInclude>
    <ClInclude Include="Source\SDEngine\EditorUI\ImGuiLayer.h">
      <Filter>SDEngine\EditorUI</Filter>
    </ClInclude>
    <ClInclude Include="Source\SDEngine\EditorUI\imgui_impl_dx11.h">
      <Filter>SDEngine\EditorUI</Filter>
    </ClInclude>
    <ClInclude Include="Source\SDEngine\EditorUI\imgui_impl_win32.h">
      <Filter>SDEngine\EditorUI</Filter>
    </ClInclude>
    <ClInclude Include="Source\SDEngine\EntryPoint.h">
      <Filter>SDEngine</Filter>
    </ClInclude>
    <ClInclude Include="Source\SDEngine\Event\Event.h">
      <Filter>SDEngine\Event</Filter>
    </ClInclude>
    <ClInclude Include="Source\SDEngine\Event\EventBase.h">
      <Filter>SDEngine\Event</Filter>
    </ClInclude>
    <ClInclude Include="Source\SDEngine\Event\KeyCode.h">
      <Filter>SDEngine\Event</Filter>
    </ClInclude>
    <ClInclude Include="Source\SDEngine\Event\KeyEvent.h">
      <Filter>SDEngine\Event</Filter>
    </ClInclude>
    <ClInclude Include="Source\SDEngine\Event\MouseEvent.h">
      <Filter>SDEngine\Event</Filter>
    </ClInclude>
    <ClInclude Include="Source\SDEngine\Event\WindowEvent.h">
      <Filter>SDEngine\Event</Filter>
    </ClInclude>
    <ClInclude Include="Source\SDEngine\FPS.h">
      <Filter>SDEngine</Filter>
    </ClInclude>
    <ClInclude Include="Source\SDEngine\Game.h">
      <Filter>SDEngine</Filter>
    </ClInclude>
    <ClInclude Include="Source\SDEngine\GameObject\Camera.h">
      <Filter>SDEngine\GameObject</Filter>
    </ClInclude>
    <ClInclude Include="Source\SDEngine\GameObject\CubeCamera.h">
      <Filter>SDEngine\GameObject</Filter>
    </ClInclude>
    <ClInclude Include="Source\SDEngine\GameObject\GameObject.h">
      <Filter>SDEngine\GameObject</Filter>
    </ClInclude>
    <ClInclude Include="Source\SDEngine\GameObject\GameObjectManager.h">
      <Filter>SDEngine\GameObject</Filter>
    </ClInclude>
    <ClInclude Include="Source\SDEngine\GameObject\Mesh.h">
      <Filter>SDEngine\GameObject</Filter>
    </ClInclude>
    <ClInclude Include="Source\SDEngine\GameObject\Quad.h">
      <Filter>SDEngine\GameObject</Filter>
    </ClInclude>
    <ClInclude Include="Source\SDEngine\GameWindow.h">
      <Filter>SDEngine</Filter>
    </ClInclude>
    <ClInclude Include="Source\SDEngine\GraphicsSystem.h">
      <Filter>SDEngine</Filter>
    </ClInclude>
    <ClInclude Include="Source\SDEngine\Import\ImportFBX.h">
      <Filter>SDEngine\Import</Filter>
    </ClInclude>
    <ClInclude Include="Source\SDEngine\Input.h">
      <Filter>SDEngine</Filter>
    </ClInclude>
    <ClInclude Include="Source\SDEngine\IrradianceCubeMap.h">
      <Filter>SDEngine</Filter>
    </ClInclude>
    <ClInclude Include="Source\SDEngine\Layer.h">
      <Filter>SDEngine</Filter>
    </ClInclude>
    <ClInclude Include="Source\SDEngine\LayerManager.h">
      <Filter>SDEngine</Filter>
    </ClInclude>
    <ClInclude Include="Source\SDEngine\Light\DirectionLight.h">
      <Filter>SDEngine\Light</Filter>
    </ClInclude>
    <ClInclude Include="Source\SDEngine\Light\Light.h">
      <Filter>SDEngine\Light</Filter>
    </ClInclude>
    <ClInclude Include="Source\SDEngine\Light\LightManager.h">
      <Filter>SDEngine\Light</Filter>
    </ClInclude>
    <ClInclude Include="Source\SDEngine\Light\PointLight.h">
      <Filter>SDEngine\Light</Filter>
    </ClInclude>
    <ClInclude Include="Source\SDEngine\LoadTexture\DDSTextureLoader.h">
      <Filter>SDEngine\LoadTexture</Filter>
    </ClInclude>
    <ClInclude Include="Source\SDEngine\LoadTexture\Resource.h">
      <Filter>SDEngine\LoadTexture</Filter>
    </ClInclude>
    <ClInclude Include="Source\SDEngine\LoadTexture\WICTextureLoader.h">
      <Filter>SDEngine\LoadTexture</Filter>
    </ClInclude>
    <ClInclude Include="Source\SDEngine\Log.h">
      <Filter>SDEngine</Filter>
    </ClInclude>
    <ClInclude Include="Source\SDEngine\PrefilterCubeMap.h">
      <Filter>SDEngine</Filter>
    </ClInclude>
    <ClInclude Include="Source\SDEngine\SDEngine.h">
      <Filter>SDEngine</Filter>
    </ClInclude>
    <ClInclude Include="Source\SDEngine\SceneManager.h">
      <Filter>SDEngine</Filter>
    </ClInclude>
    <ClInclude Include="Source\SDEngine\SceneRender.h">
      <Filter>SDEngine</Filter>
    </ClInclude>
    <ClInclude Include="Source\SDEngine\Shader\CascadeShadowMap.h">
      <Filter>SDEngine\Shader</Filter>
    </ClInclude>
    <ClInclude Include="Source\SDEngine\Shader\CascadeShadowMapManager.h">
      <Filter>SDEngine\Shader</Filter>
    </ClInclude>
    <ClInclude Include="Source\SDEngine\Shader\CircleWave.h">
      <Filter>SDEngine\Shader</Filter>
    </ClInclude>
    <ClInclude Include="Source\SDEngine\Shader\DepthBufferRT.h">
      <Filter>SDEngine\Shader</Filter>
    </ClInclude>
    <ClInclude Include="Source\SDEngine\Shader\DirectionWave.h">
      <Filter>SDEngine\Shader</Filter>
    </ClInclude>
    <ClInclude Include="Source\SDEngine\Shader\GeometryBuffer.h">
      <Filter>SDEngine\Shader</Filter>
    </ClInclude>
    <ClInclude Include="Source\SDEngine\Shader\GerstnerWave.h">
      <Filter>SDEngine\Shader</Filter>
    </ClInclude>
    <ClInclude Include="Source\SDEngine\Shader\GerstnerWaveCS.h">
      <Filter>SDEngine\Shader</Filter>
    </ClInclude>
    <ClInclude Include="Source\SDEngine\Shader\GrussianBlurCS.h">
      <Filter>SDEngine\Shader</Filter>
    </ClInclude>
    <ClInclude Include="Source\SDEngine\Shader\Material.h">
      <Filter>SDEngine\Shader</Filter>
    </ClInclude>
    <ClInclude Include="Source\SDEngine\Shader\SSAOManager.h">
      <Filter>SDEngine\Shader</Filter>
    </ClInclude>
    <ClInclude Include="Source\SDEngine\Shader\SSRGBuffer.h">
      <Filter>SDEngine\Shader</Filter>
    </ClInclude>
    <ClInclude Include="Source\SDEngine\Shader\Shader.h">
      <Filter>SDEngine\Shader</Filter>
    </ClInclude>
    <ClInclude Include="Source\SDEngine\Shader\ShaderManager.h">
      <Filter>SDEngine\Shader</Filter>
    </ClInclude>
    <ClInclude Include="Source\SDEngine\Shader\Wave.h">
      <Filter>SDEngine\Shader</Filter>
    </ClInclude>
    <ClInclude Include="Source\SDEngine\SkyBox.h">
      <Filter>SDEngine</Filter>
    </ClInclude>
    <ClInclude Include="Source\SDEngine\Texture\HdrTexture.h">
      <Filter>SDEngine\Texture</Filter>
    </ClInclude>
    <ClInclude Include="Source\SDEngine\Texture\NoiseTexture.h">
      <Filter>SDEngine\Texture</Filter>
    </ClInclude>
    <ClInclude Include="Source\SDEngine\Texture\RWRenderTexture.h">
      <Filter>SDEngine\Texture</Filter>
    </ClInclude>
    <ClInclude Include="Source\SDEngine\Texture\RenderCubeMap.h">
      <Filter>SDEngine\Texture</Filter>
    </ClInclude>
    <ClInclude Include="Source\SDEngine\Texture\RenderTexture.h">
      <Filter>SDEngine\Texture</Filter>
    </ClInclude>
    <ClInclude Include="Source\SDEngine\Texture\Texture.h">
      <Filter>SDEngine\Texture</Filter>
    </ClInclude>
    <ClInclude Include="Source\SDEngine\Texture\TextureManager.h">
      <Filter>SDEngine\Texture</Filter>
    </ClInclude>
    <ClInclude Include="Source\SDEngine\Texture\TextureSamplerManager.h">
      <Filter>SDEngine\Texture</Filter>
    </ClInclude>
    <ClInclude Include="Source\SDEngine\Texture\stb_image.h">
      <Filter>SDEngine\Texture</Filter>
    </ClInclude>
    <ClInclude Include="Source\SDEngine\TiledDefferedSceneRender.h">
      <Filter>SDEngine</Filter>
    </ClInclude>
    <ClInclude Include="Source\SDEngine\WindowInfo.h">
      <Filter>SDEngine</Filter>
    </ClInclude>
    <ClInclude Include="Source\pch.h" />
    <ClInclude Include="Source\SDEngine\Shader\ShaderLibrary.h" />
  </ItemGroup>
  <ItemGroup>
    <ClCompile Include="Source\SDEngine\ClusterDefferedSceneRender.cpp">
      <Filter>SDEngine</Filter>
    </ClCompile>
    <ClCompile Include="Source\SDEngine\Common\CommonFunction.cpp">
      <Filter>SDEngine\Common</Filter>
    </ClCompile>
    <ClCompile Include="Source\SDEngine\Common\DirectxCore.cpp">
      <Filter>SDEngine\Common</Filter>
    </ClCompile>
    <ClCompile Include="Source\SDEngine\Common\DirectxFrame.cpp">
      <Filter>SDEngine\Common</Filter>
    </ClCompile>
    <ClCompile Include="Source\SDEngine\Common\MathTool.cpp">
      <Filter>SDEngine\Common</Filter>
    </ClCompile>
    <ClCompile Include="Source\SDEngine\DebugTool\Debugwindow.cpp">
      <Filter>SDEngine\DebugTool</Filter>
    </ClCompile>
    <ClCompile Include="Source\SDEngine\EditorUI\ImGuiLayer.cpp">
      <Filter>SDEngine\EditorUI</Filter>
    </ClCompile>
    <ClCompile Include="Source\SDEngine\EditorUI\imgui_impl_dx11.cpp">
      <Filter>SDEngine\EditorUI</Filter>
    </ClCompile>
    <ClCompile Include="Source\SDEngine\EditorUI\imgui_impl_win32.cpp">
      <Filter>SDEngine\EditorUI</Filter>
    </ClCompile>
    <ClCompile Include="Source\SDEngine\FPS.cpp">
      <Filter>SDEngine</Filter>
    </ClCompile>
    <ClCompile Include="Source\SDEngine\Game.cpp">
      <Filter>SDEngine</Filter>
    </ClCompile>
    <ClCompile Include="Source\SDEngine\GameObject\Camera.cpp">
      <Filter>SDEngine\GameObject</Filter>
    </ClCompile>
    <ClCompile Include="Source\SDEngine\GameObject\CubeCamera.cpp">
      <Filter>SDEngine\GameObject</Filter>
    </ClCompile>
    <ClCompile Include="Source\SDEngine\GameObject\GameObject.cpp">
      <Filter>SDEngine\GameObject</Filter>
    </ClCompile>
    <ClCompile Include="Source\SDEngine\GameObject\GameObjectManager.cpp">
      <Filter>SDEngine\GameObject</Filter>
    </ClCompile>
    <ClCompile Include="Source\SDEngine\GameObject\Mesh.cpp">
      <Filter>SDEngine\GameObject</Filter>
    </ClCompile>
    <ClCompile Include="Source\SDEngine\GameObject\Quad.cpp">
      <Filter>SDEngine\GameObject</Filter>
    </ClCompile>
    <ClCompile Include="Source\SDEngine\GameWindow.cpp">
      <Filter>SDEngine</Filter>
    </ClCompile>
    <ClCompile Include="Source\SDEngine\GraphicsSystem.cpp">
      <Filter>SDEngine</Filter>
    </ClCompile>
    <ClCompile Include="Source\SDEngine\Import\ImportFBX.cpp">
      <Filter>SDEngine\Import</Filter>
    </ClCompile>
    <ClCompile Include="Source\SDEngine\Input.cpp">
      <Filter>SDEngine</Filter>
    </ClCompile>
    <ClCompile Include="Source\SDEngine\IrradianceCubeMap.cpp">
      <Filter>SDEngine</Filter>
    </ClCompile>
    <ClCompile Include="Source\SDEngine\LayerManager.cpp">
      <Filter>SDEngine</Filter>
    </ClCompile>
    <ClCompile Include="Source\SDEngine\Light\DirectionLight.cpp">
      <Filter>SDEngine\Light</Filter>
    </ClCompile>
    <ClCompile Include="Source\SDEngine\Light\Light.cpp">
      <Filter>SDEngine\Light</Filter>
    </ClCompile>
    <ClCompile Include="Source\SDEngine\Light\LightManager.cpp">
      <Filter>SDEngine\Light</Filter>
    </ClCompile>
    <ClCompile Include="Source\SDEngine\Light\PointLight.cpp">
      <Filter>SDEngine\Light</Filter>
    </ClCompile>
    <ClCompile Include="Source\SDEngine\LoadTexture\DDSTextureLoader.cpp">
      <Filter>SDEngine\LoadTexture</Filter>
    </ClCompile>
    <ClCompile Include="Source\SDEngine\LoadTexture\Resource.cpp">
      <Filter>SDEngine\LoadTexture</Filter>
    </ClCompile>
    <ClCompile Include="Source\SDEngine\LoadTexture\WICTextureLoader.cpp">
      <Filter>SDEngine\LoadTexture</Filter>
    </ClCompile>
    <ClCompile Include="Source\SDEngine\Log.cpp">
      <Filter>SDEngine</Filter>
    </ClCompile>
    <ClCompile Include="Source\SDEngine\PrefilterCubeMap.cpp">
      <Filter>SDEngine</Filter>
    </ClCompile>
    <ClCompile Include="Source\SDEngine\SDEngine.cpp">
      <Filter>SDEngine</Filter>
    </ClCompile>
    <ClCompile Include="Source\SDEngine\SceneManager.cpp">
      <Filter>SDEngine</Filter>
    </ClCompile>
    <ClCompile Include="Source\SDEngine\SceneRender.cpp">
      <Filter>SDEngine</Filter>
    </ClCompile>
    <ClCompile Include="Source\SDEngine\Shader\CascadeShadowMap.cpp">
      <Filter>SDEngine\Shader</Filter>
    </ClCompile>
    <ClCompile Include="Source\SDEngine\Shader\CascadeShadowMapManager.cpp">
      <Filter>SDEngine\Shader</Filter>
    </ClCompile>
    <ClCompile Include="Source\SDEngine\Shader\CircleWave.cpp">
      <Filter>SDEngine\Shader</Filter>
    </ClCompile>
    <ClCompile Include="Source\SDEngine\Shader\DepthBufferRT.cpp">
      <Filter>SDEngine\Shader</Filter>
    </ClCompile>
    <ClCompile Include="Source\SDEngine\Shader\DirectionWave.cpp">
      <Filter>SDEngine\Shader</Filter>
    </ClCompile>
    <ClCompile Include="Source\SDEngine\Shader\GeometryBuffer.cpp">
      <Filter>SDEngine\Shader</Filter>
    </ClCompile>
    <ClCompile Include="Source\SDEngine\Shader\GerstnerWave.cpp">
      <Filter>SDEngine\Shader</Filter>
    </ClCompile>
    <ClCompile Include="Source\SDEngine\Shader\GerstnerWaveCS.cpp">
      <Filter>SDEngine\Shader</Filter>
    </ClCompile>
    <ClCompile Include="Source\SDEngine\Shader\GrussianBlurCS.cpp">
      <Filter>SDEngine\Shader</Filter>
    </ClCompile>
    <ClCompile Include="Source\SDEngine\Shader\Material.cpp">
      <Filter>SDEngine\Shader</Filter>
    </ClCompile>
    <ClCompile Include="Source\SDEngine\Shader\SSAOManager.cpp">
      <Filter>SDEngine\Shader</Filter>
    </ClCompile>
    <ClCompile Include="Source\SDEngine\Shader\SSRGBuffer.cpp">
      <Filter>SDEngine\Shader</Filter>
    </ClCompile>
    <ClCompile Include="Source\SDEngine\Shader\Shader.cpp">
      <Filter>SDEngine\Shader</Filter>
    </ClCompile>
    <ClCompile Include="Source\SDEngine\Shader\ShaderManager.cpp">
      <Filter>SDEngine\Shader</Filter>
    </ClCompile>
    <ClCompile Include="Source\SDEngine\Shader\Wave.cpp">
      <Filter>SDEngine\Shader</Filter>
    </ClCompile>
    <ClCompile Include="Source\SDEngine\SkyBox.cpp">
      <Filter>SDEngine</Filter>
    </ClCompile>
    <ClCompile Include="Source\SDEngine\Texture\HdrTexture.cpp">
      <Filter>SDEngine\Texture</Filter>
    </ClCompile>
    <ClCompile Include="Source\SDEngine\Texture\NoiseTexture.cpp">
      <Filter>SDEngine\Texture</Filter>
    </ClCompile>
    <ClCompile Include="Source\SDEngine\Texture\RWRenderTexture.cpp">
      <Filter>SDEngine\Texture</Filter>
    </ClCompile>
    <ClCompile Include="Source\SDEngine\Texture\RenderCubeMap.cpp">
      <Filter>SDEngine\Texture</Filter>
    </ClCompile>
    <ClCompile Include="Source\SDEngine\Texture\RenderTexture.cpp">
      <Filter>SDEngine\Texture</Filter>
    </ClCompile>
    <ClCompile Include="Source\SDEngine\Texture\Texture.cpp">
      <Filter>SDEngine\Texture</Filter>
    </ClCompile>
    <ClCompile Include="Source\SDEngine\Texture\TextureManager.cpp">
      <Filter>SDEngine\Texture</Filter>
    </ClCompile>
    <ClCompile Include="Source\SDEngine\Texture\TextureSamplerManager.cpp">
      <Filter>SDEngine\Texture</Filter>
    </ClCompile>
    <ClCompile Include="Source\SDEngine\Texture\stb_image.cpp">
      <Filter>SDEngine\Texture</Filter>
    </ClCompile>
    <ClCompile Include="Source\SDEngine\TiledDefferedSceneRender.cpp">
      <Filter>SDEngine</Filter>
    </ClCompile>
    <ClCompile Include="Source\SDEngine\WindowInfo.cpp">
      <Filter>SDEngine</Filter>
    </ClCompile>
    <ClCompile Include="Source\SDEngine\源.cpp">
      <Filter>SDEngine</Filter>
    </ClCompile>
    <ClCompile Include="Source\pch.cpp" />
    <ClCompile Include="Source\SDEngine\Shader\ShaderLibrary.cpp" />
  </ItemGroup>
</Project>