<?xml version="1.0" encoding="utf-8"?>
<Project ToolsVersion="4.0" xmlns="http://schemas.microsoft.com/developer/msbuild/2003">
  <ItemGroup>
    <Filter Include="源文件">
      <UniqueIdentifier>{4FC737F1-C7A5-4376-A066-2A32D752A2FF}</UniqueIdentifier>
      <Extensions>cpp;c;cc;cxx;def;odl;idl;hpj;bat;asm;asmx</Extensions>
    </Filter>
    <Filter Include="头文件">
      <UniqueIdentifier>{93995380-89BD-4b04-88EB-625FBE52EBFB}</UniqueIdentifier>
      <Extensions>h;hh;hpp;hxx;hm;inl;inc;xsd</Extensions>
    </Filter>
    <Filter Include="资源文件">
      <UniqueIdentifier>{67DA6AB6-F800-4c08-8B7A-83BB121AAD01}</UniqueIdentifier>
      <Extensions>rc;ico;cur;bmp;dlg;rc2;rct;bin;rgs;gif;jpg;jpeg;jpe;resx;tiff;tif;png;wav;mfcribbon-ms</Extensions>
    </Filter>
  </ItemGroup>
  <ItemGroup>
    <ClCompile Include="Camera.cpp">
      <Filter>源文件</Filter>
    </ClCompile>
    <ClCompile Include="Debugwindow.cpp">
      <Filter>源文件</Filter>
    </ClCompile>
    <ClCompile Include="DepthShader.cpp">
      <Filter>源文件</Filter>
    </ClCompile>
    <ClCompile Include="DiffuseNormalShader.cpp">
      <Filter>源文件</Filter>
    </ClCompile>
    <ClCompile Include="DiffuseNormalSpecShader.cpp">
      <Filter>源文件</Filter>
    </ClCompile>
    <ClCompile Include="DiffuseShader.cpp">
      <Filter>源文件</Filter>
    </ClCompile>
    <ClCompile Include="DiffuseSpecShader.cpp">
      <Filter>源文件</Filter>
    </ClCompile>
    <ClCompile Include="FPS.cpp">
      <Filter>源文件</Filter>
    </ClCompile>
    <ClCompile Include="GameObject.cpp">
      <Filter>源文件</Filter>
    </ClCompile>
    <ClCompile Include="GraphicsClass.cpp">
      <Filter>源文件</Filter>
    </ClCompile>
    <ClCompile Include="ImportFBX.cpp">
      <Filter>源文件</Filter>
    </ClCompile>
    <ClCompile Include="Input.cpp">
      <Filter>源文件</Filter>
    </ClCompile>
    <ClCompile Include="Light.cpp">
      <Filter>源文件</Filter>
    </ClCompile>
    <ClCompile Include="MathTool.cpp">
      <Filter>源文件</Filter>
    </ClCompile>
    <ClCompile Include="PureColorShader.cpp">
      <Filter>源文件</Filter>
    </ClCompile>
    <ClCompile Include="Quad.cpp">
      <Filter>源文件</Filter>
    </ClCompile>
    <ClCompile Include="Shader.cpp">
      <Filter>源文件</Filter>
    </ClCompile>
    <ClCompile Include="ShaderManager.cpp">
      <Filter>源文件</Filter>
    </ClCompile>
    <ClCompile Include="SystemClass.cpp">
      <Filter>源文件</Filter>
    </ClCompile>
    <ClCompile Include="Texture.cpp">
      <Filter>源文件</Filter>
    </ClCompile>
    <ClCompile Include="UIShader.cpp">
      <Filter>源文件</Filter>
    </ClCompile>
    <ClCompile Include="源.cpp">
      <Filter>源文件</Filter>
    </ClCompile>
    <ClCompile Include="GeometryBuffer.cpp">
      <Filter>源文件</Filter>
    </ClCompile>
    <ClCompile Include="DefferLightingShader.cpp">
      <Filter>源文件</Filter>
    </ClCompile>
    <ClCompile Include="GraphicsBlitShader.cpp">
      <Filter>源文件</Filter>
    </ClCompile>
    <ClCompile Include="DOFShader.cpp">
      <Filter>源文件</Filter>
    </ClCompile>
    <ClCompile Include="BlurShader.cpp">
      <Filter>源文件</Filter>
    </ClCompile>
    <ClCompile Include="DepthBufferRT.cpp">
      <Filter>源文件</Filter>
    </ClCompile>
    <ClCompile Include="SSRGBuffer.cpp">
      <Filter>源文件</Filter>
    </ClCompile>
    <ClCompile Include="SSRGBufferShader.cpp">
      <Filter>源文件</Filter>
    </ClCompile>
    <ClCompile Include="ScreenSpaceReflectShader.cpp">
      <Filter>源文件</Filter>
    </ClCompile>
    <ClCompile Include="CommonFunction.cpp">
      <Filter>源文件</Filter>
    </ClCompile>
    <ClCompile Include="Wave.cpp">
      <Filter>源文件</Filter>
    </ClCompile>
    <ClCompile Include="WaveShader.cpp">
      <Filter>源文件</Filter>
    </ClCompile>
    <ClCompile Include="DirectionWave.cpp">
      <Filter>源文件</Filter>
    </ClCompile>
    <ClCompile Include="CircleWave.cpp">
      <Filter>源文件</Filter>
    </ClCompile>
    <ClCompile Include="GerstnerWave.cpp">
      <Filter>源文件</Filter>
    </ClCompile>
    <ClCompile Include="GerstnerWaveCS.cpp">
      <Filter>源文件</Filter>
    </ClCompile>
    <ClCompile Include="GrussianBlurCS.cpp">
      <Filter>源文件</Filter>
    </ClCompile>
    <ClCompile Include="Log.cpp">
      <Filter>源文件</Filter>
    </ClCompile>
    <ClCompile Include="RWRenderTexture.cpp">
      <Filter>源文件</Filter>
    </ClCompile>
    <ClCompile Include="LoadTexture\DDSTextureLoader.cpp">
      <Filter>源文件</Filter>
    </ClCompile>
    <ClCompile Include="LoadTexture\WICTextureLoader.cpp">
      <Filter>源文件</Filter>
    </ClCompile>
    <ClCompile Include="RenderTexture.cpp">
      <Filter>源文件</Filter>
    </ClCompile>
    <ClCompile Include="LightManager.cpp">
      <Filter>源文件</Filter>
    </ClCompile>
    <ClCompile Include="PointLight.cpp">
      <Filter>源文件</Filter>
    </ClCompile>
    <ClCompile Include="DirectionLight.cpp">
      <Filter>源文件</Filter>
    </ClCompile>
    <ClCompile Include="DirectxCore.cpp">
      <Filter>源文件</Filter>
    </ClCompile>
  </ItemGroup>
  <ItemGroup>
    <ClInclude Include="Camera.h">
      <Filter>头文件</Filter>
    </ClInclude>
    <ClInclude Include="CommomVertexFormat.h">
      <Filter>头文件</Filter>
    </ClInclude>
    <ClInclude Include="CommonConstantBufferStruct.h">
      <Filter>头文件</Filter>
    </ClInclude>
    <ClInclude Include="CommonFunction.h">
      <Filter>头文件</Filter>
    </ClInclude>
    <ClInclude Include="Debugwindow.h">
      <Filter>头文件</Filter>
    </ClInclude>
    <ClInclude Include="DepthShader.h">
      <Filter>头文件</Filter>
    </ClInclude>
    <ClInclude Include="DiffuseNormalShader.h">
      <Filter>头文件</Filter>
    </ClInclude>
    <ClInclude Include="DiffuseNormalSpecShader.h">
      <Filter>头文件</Filter>
    </ClInclude>
    <ClInclude Include="DiffuseShader.h">
      <Filter>头文件</Filter>
    </ClInclude>
    <ClInclude Include="DiffuseSpecShader.h">
      <Filter>头文件</Filter>
    </ClInclude>
    <ClInclude Include="FPS.h">
      <Filter>头文件</Filter>
    </ClInclude>
    <ClInclude Include="GameObject.h">
      <Filter>头文件</Filter>
    </ClInclude>
    <ClInclude Include="GraphicsClass.h">
      <Filter>头文件</Filter>
    </ClInclude>
    <ClInclude Include="ImportDll.h">
      <Filter>头文件</Filter>
    </ClInclude>
    <ClInclude Include="ImportFBX.h">
      <Filter>头文件</Filter>
    </ClInclude>
    <ClInclude Include="Input.h">
      <Filter>头文件</Filter>
    </ClInclude>
    <ClInclude Include="Light.h">
      <Filter>头文件</Filter>
    </ClInclude>
    <ClInclude Include="Macro.h">
      <Filter>头文件</Filter>
    </ClInclude>
    <ClInclude Include="MathTool.h">
      <Filter>头文件</Filter>
    </ClInclude>
    <ClInclude Include="PureColorShader.h">
      <Filter>头文件</Filter>
    </ClInclude>
    <ClInclude Include="Quad.h">
      <Filter>头文件</Filter>
    </ClInclude>
    <ClInclude Include="Shader.h">
      <Filter>头文件</Filter>
    </ClInclude>
    <ClInclude Include="ShaderManager.h">
      <Filter>头文件</Filter>
    </ClInclude>
    <ClInclude Include="SystemClass.h">
      <Filter>头文件</Filter>
    </ClInclude>
    <ClInclude Include="Texture.h">
      <Filter>头文件</Filter>
    </ClInclude>
    <ClInclude Include="UIShader.h">
      <Filter>头文件</Filter>
    </ClInclude>
    <ClInclude Include="GeometryBuffer.h">
      <Filter>头文件</Filter>
    </ClInclude>
    <ClInclude Include="DefferLightingShader.h">
      <Filter>头文件</Filter>
    </ClInclude>
    <ClInclude Include="GraphicsBlitShader.h">
      <Filter>头文件</Filter>
    </ClInclude>
    <ClInclude Include="DOFShader.h">
      <Filter>头文件</Filter>
    </ClInclude>
    <ClInclude Include="BlurShader.h">
      <Filter>头文件</Filter>
    </ClInclude>
    <ClInclude Include="DepthBufferRT.h">
      <Filter>头文件</Filter>
    </ClInclude>
    <ClInclude Include="SSRGBuffer.h">
      <Filter>头文件</Filter>
    </ClInclude>
    <ClInclude Include="SSRGBufferShader.h">
      <Filter>头文件</Filter>
    </ClInclude>
    <ClInclude Include="ScreenSpaceReflectShader.h">
      <Filter>头文件</Filter>
    </ClInclude>
    <ClInclude Include="Wave.h">
      <Filter>头文件</Filter>
    </ClInclude>
    <ClInclude Include="WaveShader.h">
      <Filter>头文件</Filter>
    </ClInclude>
    <ClInclude Include="DirectionWave.h">
      <Filter>头文件</Filter>
    </ClInclude>
    <ClInclude Include="CircleWave.h">
      <Filter>头文件</Filter>
    </ClInclude>
    <ClInclude Include="GerstnerWave.h">
      <Filter>头文件</Filter>
    </ClInclude>
    <ClInclude Include="GerstnerWaveCS.h">
      <Filter>头文件</Filter>
    </ClInclude>
    <ClInclude Include="GrussianBlurCS.h">
      <Filter>头文件</Filter>
    </ClInclude>
    <ClInclude Include="Log.h">
      <Filter>头文件</Filter>
    </ClInclude>
    <ClInclude Include="RWRenderTexture.h">
      <Filter>头文件</Filter>
    </ClInclude>
    <ClInclude Include="LoadTexture\DDSTextureLoader.h">
      <Filter>头文件</Filter>
    </ClInclude>
    <ClInclude Include="LoadTexture\WICTextureLoader.h">
      <Filter>头文件</Filter>
    </ClInclude>
    <ClInclude Include="RenderTexture.h">
      <Filter>头文件</Filter>
    </ClInclude>
    <ClInclude Include="LightManager.h">
      <Filter>头文件</Filter>
    </ClInclude>
    <ClInclude Include="PointLight.h">
      <Filter>头文件</Filter>
    </ClInclude>
    <ClInclude Include="DirectionLight.h">
      <Filter>头文件</Filter>
    </ClInclude>
    <ClInclude Include="DirectxCore.h">
      <Filter>头文件</Filter>
    </ClInclude>
    <ClInclude Include="CoreMini.h">
      <Filter>头文件</Filter>
    </ClInclude>
  </ItemGroup>
  <ItemGroup>
    <None Include="libfbxsdk.dll" />
    <None Include="Shader\DepthShader.fx" />
    <None Include="Shader\DiffuseNormalShader.fx" />
    <None Include="Shader\DiffuseNormalSpecularShader.fx" />
    <None Include="Shader\DiffuseShader.fx" />
    <None Include="Shader\DiffuseSpecularShader.fx" />
    <None Include="Shader\LightFunction.fx" />
    <None Include="Shader\PureColorShader.fx" />
    <None Include="Shader\UIShader.fx" />
    <None Include="Shader\DefferLightingShader.fx" />
    <None Include="Shader\GraphicsBlitShader.fx" />
    <None Include="Shader\DOFShader.fx" />
    <None Include="Shader\BlurShader.fx" />
    <None Include="Shader\ScreenSpaceReflectShader.fx" />
    <None Include="Shader\ForwardPureColorShader.fx" />
    <None Include="Shader\DepthGetShader.fx" />
    <None Include="Shader\SSRGBuffer.fx" />
    <None Include="Shader\WaveShader.fx" />
    <None Include="Shader\WaveComputerShader.fx" />
    <None Include="Shader\GaussianBlurShaderCS.fx" />
  </ItemGroup>
</Project>